
Microsoft Visual Studio Solution File, Format Version 12.00
# Visual Studio 2012
Project("{FAE04EC0-301F-11D3-BF4B-00C04F79EFBC}") = "TestApp2", "TestApp2\TestApp2.csproj", "{C47ABE05-2B0B-424E-AFC3-633A5E77BBF0}"
EndProject
Project("{FAE04EC0-301F-11D3-BF4B-00C04F79EFBC}") = "BusinessAPI", "BusinessAPI\BusinessAPI.csproj", "{6FD5CB0B-5912-477B-89F3-C3E14B01038A}"
EndProject
Global
	GlobalSection(SolutionConfigurationPlatforms) = preSolution
		Debug|Any CPU = Debug|Any CPU
		Release|Any CPU = Release|Any CPU
	EndGlobalSection
	GlobalSection(ProjectConfigurationPlatforms) = postSolution
		{C47ABE05-2B0B-424E-AFC3-633A5E77BBF0}.Debug|Any CPU.ActiveCfg = Debug|Any CPU
		{C47ABE05-2B0B-424E-AFC3-633A5E77BBF0}.Debug|Any CPU.Build.0 = Debug|Any CPU
		{C47ABE05-2B0B-424E-AFC3-633A5E77BBF0}.Release|Any CPU.ActiveCfg = Release|Any CPU
		{C47ABE05-2B0B-424E-AFC3-633A5E77BBF0}.Release|Any CPU.Build.0 = Release|Any CPU
		{6FD5CB0B-5912-477B-89F3-C3E14B01038A}.Debug|Any CPU.ActiveCfg = Debug|Any CPU
		{6FD5CB0B-5912-477B-89F3-C3E14B01038A}.Debug|Any CPU.Build.0 = Debug|Any CPU
		{6FD5CB0B-5912-477B-89F3-C3E14B01038A}.Release|Any CPU.ActiveCfg = Release|Any CPU
		{6FD5CB0B-5912-477B-89F3-C3E14B01038A}.Release|Any CPU.Build.0 = Release|Any CPU
	EndGlobalSection
	GlobalSection(SolutionProperties) = preSolution
		HideSolutionNode = FALSE
	EndGlobalSection
EndGlobal
